
Microsoft Visual Studio Solution File, Format Version 12.00
# Visual Studio Version 16
VisualStudioVersion = 16.0.30621.155
MinimumVisualStudioVersion = 10.0.40219.1
Project("{9A19103F-16F7-4668-BE54-9A1E7A4F7556}") = "WpfApplication", "..\WpfApplication\WpfApplication.csproj", "{8D216388-2CE9-48B4-9966-670700A970EC}"
EndProject
Project("{9A19103F-16F7-4668-BE54-9A1E7A4F7556}") = "ConsoleApplication", "ConsoleApplication\ConsoleApplication.csproj", "{82B9C354-8F9F-42A0-8696-FA920B7F5A8B}"
EndProject
Global
	GlobalSection(SolutionConfigurationPlatforms) = preSolution
		Debug|Any CPU = Debug|Any CPU
		Release|Any CPU = Release|Any CPU
	EndGlobalSection
	GlobalSection(ProjectConfigurationPlatforms) = postSolution
		{8D216388-2CE9-48B4-9966-670700A970EC}.Debug|Any CPU.ActiveCfg = Debug|Any CPU
		{8D216388-2CE9-48B4-9966-670700A970EC}.Debug|Any CPU.Build.0 = Debug|Any CPU
		{8D216388-2CE9-48B4-9966-670700A970EC}.Release|Any CPU.ActiveCfg = Release|Any CPU
		{8D216388-2CE9-48B4-9966-670700A970EC}.Release|Any CPU.Build.0 = Release|Any CPU
		{82B9C354-8F9F-42A0-8696-FA920B7F5A8B}.Debug|Any CPU.ActiveCfg = Debug|Any CPU
		{82B9C354-8F9F-42A0-8696-FA920B7F5A8B}.Debug|Any CPU.Build.0 = Debug|Any CPU
		{82B9C354-8F9F-42A0-8696-FA920B7F5A8B}.Release|Any CPU.ActiveCfg = Release|Any CPU
		{82B9C354-8F9F-42A0-8696-FA920B7F5A8B}.Release|Any CPU.Build.0 = Release|Any CPU
	EndGlobalSection
	GlobalSection(SolutionProperties) = preSolution
		HideSolutionNode = FALSE
	EndGlobalSection
	GlobalSection(ExtensibilityGlobals) = postSolution
		SolutionGuid = {42FA65EB-D7F1-43FB-8A21-3B54A4D9BE8D}
	EndGlobalSection
EndGlobal
