
Microsoft Visual Studio Solution File, Format Version 12.00
# Visual Studio Version 16
VisualStudioVersion = 16.0.30621.155
MinimumVisualStudioVersion = 10.0.40219.1
Project("{2150E333-8FDC-42A3-9474-1A3956D46DE8}") = "Fundamentals", "Fundamentals", "{53B9A9FB-1964-4B05-9DDF-D7047E289482}"
EndProject
Project("{2150E333-8FDC-42A3-9474-1A3956D46DE8}") = "Debugging", "Debugging", "{346EB291-6979-4E4A-95CF-416D4CFF77CD}"
EndProject
Project("{2150E333-8FDC-42A3-9474-1A3956D46DE8}") = "Advanced", "Advanced", "{E9CBE152-6216-474C-983F-4C26A20516A7}"
EndProject
Project("{2150E333-8FDC-42A3-9474-1A3956D46DE8}") = "Data structures", "Data structures", "{7596E467-9FB8-4D63-B3FC-8CA6DCE0A1B4}"
EndProject
Project("{2150E333-8FDC-42A3-9474-1A3956D46DE8}") = "Exception Handling", "Exception Handling", "{511080CC-3597-4A95-B5A6-841733277347}"
EndProject
Project("{2150E333-8FDC-42A3-9474-1A3956D46DE8}") = "LINQ", "LINQ", "{A9561CC0-7001-4D3F-9D3E-1047D062674F}"
EndProject
Project("{2150E333-8FDC-42A3-9474-1A3956D46DE8}") = "Logging", "Logging", "{969897F2-65A0-40A8-8754-D93A3D802633}"
EndProject
Project("{2150E333-8FDC-42A3-9474-1A3956D46DE8}") = "Reflection", "Reflection", "{604CA0D9-05C8-45B0-86DC-F8F64AA05D4D}"
EndProject
Project("{2150E333-8FDC-42A3-9474-1A3956D46DE8}") = "Unit testing", "Unit testing", "{2572EBFC-0BD9-43C9-B8A5-E8BF8F4A5530}"
EndProject
Project("{9A19103F-16F7-4668-BE54-9A1E7A4F7556}") = "WpfApplication", "Fundamentals\WpfApplication\WpfApplication.csproj", "{D4816256-A800-4BFA-A316-EB6395902A0A}"
EndProject
Project("{9A19103F-16F7-4668-BE54-9A1E7A4F7556}") = "ConsoleApplication", "Fundamentals\ConsoleApplication\ConsoleApplication.csproj", "{6E6901E4-CF26-4E2C-AB6C-BD1E3E2DF5D9}"
EndProject
Project("{9A19103F-16F7-4668-BE54-9A1E7A4F7556}") = "Common", "Fundamentals\Common\Common.csproj", "{355E8EB3-1955-47D2-9798-ADE8F57E7846}"
EndProject
Project("{9A19103F-16F7-4668-BE54-9A1E7A4F7556}") = "ProductTemplate", "Debugging\Template\ProductTemplate.csproj", "{DCF64977-4A2E-4EAF-B033-E8FD47ECDF1D}"
EndProject
Project("{9A19103F-16F7-4668-BE54-9A1E7A4F7556}") = "UnitTests", "Debugging\Unit tests\UnitTests.csproj", "{57F91AD9-43BC-473D-9A44-64A3CE4A75BB}"
	ProjectSection(ProjectDependencies) = postProject
		{DCF64977-4A2E-4EAF-B033-E8FD47ECDF1D} = {DCF64977-4A2E-4EAF-B033-E8FD47ECDF1D}
	EndProjectSection
EndProject
Project("{2150E333-8FDC-42A3-9474-1A3956D46DE8}") = "Solution Items", "Solution Items", "{B5C3E29E-8E1D-4908-ADDA-6CB99015CC59}"
	ProjectSection(SolutionItems) = preProject
		.editorconfig = .editorconfig
	EndProjectSection
EndProject
Project("{9A19103F-16F7-4668-BE54-9A1E7A4F7556}") = "ConsoleOutput", "Advanced\ConsoleOutput\ConsoleOutput.csproj", "{2D357EE5-3E19-40EF-BA3E-4963200875A7}"
EndProject
Project("{9A19103F-16F7-4668-BE54-9A1E7A4F7556}") = "Logic", "Advanced\Logic\Logic.csproj", "{2D3B6EF9-DF0F-4B51-B13A-DA7468214CEA}"
EndProject
Project("{9A19103F-16F7-4668-BE54-9A1E7A4F7556}") = "FileSystemVisitorUnitTests", "Advanced\FileSystemVisitorUnitTests\FileSystemVisitorUnitTests.csproj", "{5CA5FFC8-A01E-497A-9D2F-7A017867D5EB}"
EndProject
Project("{9A19103F-16F7-4668-BE54-9A1E7A4F7556}") = "ShowFirstInputSymbol", "Exception Handling\ShowFirstInputSymbol\ShowFirstInputSymbol\ShowFirstInputSymbol.csproj", "{C9441F27-7E96-4A02-830F-43A82D7D2608}"
EndProject
Project("{9A19103F-16F7-4668-BE54-9A1E7A4F7556}") = "Parser", "Exception Handling\Parser\Parser\Parser.csproj", "{A0632546-BC9B-4CF4-93CC-1C1B131772E7}"
EndProject
Project("{9A19103F-16F7-4668-BE54-9A1E7A4F7556}") = "ParserTests", "Exception Handling\Parser\Tests\ParserTests\ParserTests.csproj", "{4DB73F6B-B647-4ED0-B7A3-240F0A9ED9D1}"
EndProject
Project("{9A19103F-16F7-4668-BE54-9A1E7A4F7556}") = "UserTask", "Exception Handling\UserTask\UserTask\UserTask.csproj", "{1D813792-B004-4F25-8902-EEEB9CE9D5F4}"
EndProject
Project("{9A19103F-16F7-4668-BE54-9A1E7A4F7556}") = "UserTaskTests", "Exception Handling\UserTask\Tests\UserTaskTests\UserTaskTests.csproj", "{08E96902-E4D6-4DED-B14D-26854F330BCD}"
EndProject
Project("{9A19103F-16F7-4668-BE54-9A1E7A4F7556}") = "WorkWithLinq", "LINQ\WorkWithLinq\WorkWithLinq.csproj", "{7622D301-9CDE-46EF-A828-6346F1407477}"
EndProject
Project("{9A19103F-16F7-4668-BE54-9A1E7A4F7556}") = "LinqTests", "LINQ\LinqTests\LinqTests.csproj", "{4BB45DEB-F427-4922-9AF2-AD7BA36600D7}"
EndProject
Project("{FAE04EC0-301F-11D3-BF4B-00C04F79EFBC}") = "MyOwnIoC", "Reflection\MyOwnIoC\MyOwnIoC.csproj", "{B0129881-6D2C-46C1-8E4F-AB8DABFA51FE}"
EndProject
Project("{FAE04EC0-301F-11D3-BF4B-00C04F79EFBC}") = "MyOwnIoCTests", "Reflection\MyOwnIoCTests\MyOwnIoCTests.csproj", "{F895D295-45CC-4912-9475-9CBEE75DDDE7}"
EndProject
Global
	GlobalSection(SolutionConfigurationPlatforms) = preSolution
		Debug|Any CPU = Debug|Any CPU
		Release|Any CPU = Release|Any CPU
	EndGlobalSection
	GlobalSection(ProjectConfigurationPlatforms) = postSolution
		{D4816256-A800-4BFA-A316-EB6395902A0A}.Debug|Any CPU.ActiveCfg = Debug|Any CPU
		{D4816256-A800-4BFA-A316-EB6395902A0A}.Debug|Any CPU.Build.0 = Debug|Any CPU
		{D4816256-A800-4BFA-A316-EB6395902A0A}.Release|Any CPU.ActiveCfg = Release|Any CPU
		{D4816256-A800-4BFA-A316-EB6395902A0A}.Release|Any CPU.Build.0 = Release|Any CPU
		{6E6901E4-CF26-4E2C-AB6C-BD1E3E2DF5D9}.Debug|Any CPU.ActiveCfg = Debug|Any CPU
		{6E6901E4-CF26-4E2C-AB6C-BD1E3E2DF5D9}.Debug|Any CPU.Build.0 = Debug|Any CPU
		{6E6901E4-CF26-4E2C-AB6C-BD1E3E2DF5D9}.Release|Any CPU.ActiveCfg = Release|Any CPU
		{6E6901E4-CF26-4E2C-AB6C-BD1E3E2DF5D9}.Release|Any CPU.Build.0 = Release|Any CPU
		{355E8EB3-1955-47D2-9798-ADE8F57E7846}.Debug|Any CPU.ActiveCfg = Debug|Any CPU
		{355E8EB3-1955-47D2-9798-ADE8F57E7846}.Debug|Any CPU.Build.0 = Debug|Any CPU
		{355E8EB3-1955-47D2-9798-ADE8F57E7846}.Release|Any CPU.ActiveCfg = Release|Any CPU
		{355E8EB3-1955-47D2-9798-ADE8F57E7846}.Release|Any CPU.Build.0 = Release|Any CPU
		{DCF64977-4A2E-4EAF-B033-E8FD47ECDF1D}.Debug|Any CPU.ActiveCfg = Debug|Any CPU
		{DCF64977-4A2E-4EAF-B033-E8FD47ECDF1D}.Debug|Any CPU.Build.0 = Debug|Any CPU
		{DCF64977-4A2E-4EAF-B033-E8FD47ECDF1D}.Release|Any CPU.ActiveCfg = Release|Any CPU
		{DCF64977-4A2E-4EAF-B033-E8FD47ECDF1D}.Release|Any CPU.Build.0 = Release|Any CPU
		{57F91AD9-43BC-473D-9A44-64A3CE4A75BB}.Debug|Any CPU.ActiveCfg = Debug|Any CPU
		{57F91AD9-43BC-473D-9A44-64A3CE4A75BB}.Debug|Any CPU.Build.0 = Debug|Any CPU
		{57F91AD9-43BC-473D-9A44-64A3CE4A75BB}.Release|Any CPU.ActiveCfg = Release|Any CPU
		{57F91AD9-43BC-473D-9A44-64A3CE4A75BB}.Release|Any CPU.Build.0 = Release|Any CPU
		{2D357EE5-3E19-40EF-BA3E-4963200875A7}.Debug|Any CPU.ActiveCfg = Debug|Any CPU
		{2D357EE5-3E19-40EF-BA3E-4963200875A7}.Debug|Any CPU.Build.0 = Debug|Any CPU
		{2D357EE5-3E19-40EF-BA3E-4963200875A7}.Release|Any CPU.ActiveCfg = Release|Any CPU
		{2D357EE5-3E19-40EF-BA3E-4963200875A7}.Release|Any CPU.Build.0 = Release|Any CPU
		{2D3B6EF9-DF0F-4B51-B13A-DA7468214CEA}.Debug|Any CPU.ActiveCfg = Debug|Any CPU
		{2D3B6EF9-DF0F-4B51-B13A-DA7468214CEA}.Debug|Any CPU.Build.0 = Debug|Any CPU
		{2D3B6EF9-DF0F-4B51-B13A-DA7468214CEA}.Release|Any CPU.ActiveCfg = Release|Any CPU
		{2D3B6EF9-DF0F-4B51-B13A-DA7468214CEA}.Release|Any CPU.Build.0 = Release|Any CPU
		{5CA5FFC8-A01E-497A-9D2F-7A017867D5EB}.Debug|Any CPU.ActiveCfg = Debug|Any CPU
		{5CA5FFC8-A01E-497A-9D2F-7A017867D5EB}.Debug|Any CPU.Build.0 = Debug|Any CPU
		{5CA5FFC8-A01E-497A-9D2F-7A017867D5EB}.Release|Any CPU.ActiveCfg = Release|Any CPU
		{5CA5FFC8-A01E-497A-9D2F-7A017867D5EB}.Release|Any CPU.Build.0 = Release|Any CPU
		{C9441F27-7E96-4A02-830F-43A82D7D2608}.Debug|Any CPU.ActiveCfg = Debug|Any CPU
		{C9441F27-7E96-4A02-830F-43A82D7D2608}.Debug|Any CPU.Build.0 = Debug|Any CPU
		{C9441F27-7E96-4A02-830F-43A82D7D2608}.Release|Any CPU.ActiveCfg = Release|Any CPU
		{C9441F27-7E96-4A02-830F-43A82D7D2608}.Release|Any CPU.Build.0 = Release|Any CPU
		{A0632546-BC9B-4CF4-93CC-1C1B131772E7}.Debug|Any CPU.ActiveCfg = Debug|Any CPU
		{A0632546-BC9B-4CF4-93CC-1C1B131772E7}.Debug|Any CPU.Build.0 = Debug|Any CPU
		{A0632546-BC9B-4CF4-93CC-1C1B131772E7}.Release|Any CPU.ActiveCfg = Release|Any CPU
		{A0632546-BC9B-4CF4-93CC-1C1B131772E7}.Release|Any CPU.Build.0 = Release|Any CPU
		{4DB73F6B-B647-4ED0-B7A3-240F0A9ED9D1}.Debug|Any CPU.ActiveCfg = Debug|Any CPU
		{4DB73F6B-B647-4ED0-B7A3-240F0A9ED9D1}.Debug|Any CPU.Build.0 = Debug|Any CPU
		{4DB73F6B-B647-4ED0-B7A3-240F0A9ED9D1}.Release|Any CPU.ActiveCfg = Release|Any CPU
		{4DB73F6B-B647-4ED0-B7A3-240F0A9ED9D1}.Release|Any CPU.Build.0 = Release|Any CPU
		{1D813792-B004-4F25-8902-EEEB9CE9D5F4}.Debug|Any CPU.ActiveCfg = Debug|Any CPU
		{1D813792-B004-4F25-8902-EEEB9CE9D5F4}.Debug|Any CPU.Build.0 = Debug|Any CPU
		{1D813792-B004-4F25-8902-EEEB9CE9D5F4}.Release|Any CPU.ActiveCfg = Release|Any CPU
		{1D813792-B004-4F25-8902-EEEB9CE9D5F4}.Release|Any CPU.Build.0 = Release|Any CPU
		{08E96902-E4D6-4DED-B14D-26854F330BCD}.Debug|Any CPU.ActiveCfg = Debug|Any CPU
		{08E96902-E4D6-4DED-B14D-26854F330BCD}.Debug|Any CPU.Build.0 = Debug|Any CPU
		{08E96902-E4D6-4DED-B14D-26854F330BCD}.Release|Any CPU.ActiveCfg = Release|Any CPU
		{08E96902-E4D6-4DED-B14D-26854F330BCD}.Release|Any CPU.Build.0 = Release|Any CPU
		{7622D301-9CDE-46EF-A828-6346F1407477}.Debug|Any CPU.ActiveCfg = Debug|Any CPU
		{7622D301-9CDE-46EF-A828-6346F1407477}.Debug|Any CPU.Build.0 = Debug|Any CPU
		{7622D301-9CDE-46EF-A828-6346F1407477}.Release|Any CPU.ActiveCfg = Release|Any CPU
		{7622D301-9CDE-46EF-A828-6346F1407477}.Release|Any CPU.Build.0 = Release|Any CPU
		{4BB45DEB-F427-4922-9AF2-AD7BA36600D7}.Debug|Any CPU.ActiveCfg = Debug|Any CPU
		{4BB45DEB-F427-4922-9AF2-AD7BA36600D7}.Debug|Any CPU.Build.0 = Debug|Any CPU
		{4BB45DEB-F427-4922-9AF2-AD7BA36600D7}.Release|Any CPU.ActiveCfg = Release|Any CPU
		{4BB45DEB-F427-4922-9AF2-AD7BA36600D7}.Release|Any CPU.Build.0 = Release|Any CPU
		{B0129881-6D2C-46C1-8E4F-AB8DABFA51FE}.Debug|Any CPU.ActiveCfg = Debug|Any CPU
		{B0129881-6D2C-46C1-8E4F-AB8DABFA51FE}.Debug|Any CPU.Build.0 = Debug|Any CPU
		{B0129881-6D2C-46C1-8E4F-AB8DABFA51FE}.Release|Any CPU.ActiveCfg = Release|Any CPU
		{B0129881-6D2C-46C1-8E4F-AB8DABFA51FE}.Release|Any CPU.Build.0 = Release|Any CPU
		{F895D295-45CC-4912-9475-9CBEE75DDDE7}.Debug|Any CPU.ActiveCfg = Debug|Any CPU
		{F895D295-45CC-4912-9475-9CBEE75DDDE7}.Debug|Any CPU.Build.0 = Debug|Any CPU
		{F895D295-45CC-4912-9475-9CBEE75DDDE7}.Release|Any CPU.ActiveCfg = Release|Any CPU
		{F895D295-45CC-4912-9475-9CBEE75DDDE7}.Release|Any CPU.Build.0 = Release|Any CPU
	EndGlobalSection
	GlobalSection(SolutionProperties) = preSolution
		HideSolutionNode = FALSE
	EndGlobalSection
	GlobalSection(NestedProjects) = preSolution
		{D4816256-A800-4BFA-A316-EB6395902A0A} = {53B9A9FB-1964-4B05-9DDF-D7047E289482}
		{6E6901E4-CF26-4E2C-AB6C-BD1E3E2DF5D9} = {53B9A9FB-1964-4B05-9DDF-D7047E289482}
		{355E8EB3-1955-47D2-9798-ADE8F57E7846} = {53B9A9FB-1964-4B05-9DDF-D7047E289482}
		{DCF64977-4A2E-4EAF-B033-E8FD47ECDF1D} = {346EB291-6979-4E4A-95CF-416D4CFF77CD}
		{57F91AD9-43BC-473D-9A44-64A3CE4A75BB} = {346EB291-6979-4E4A-95CF-416D4CFF77CD}
		{2D357EE5-3E19-40EF-BA3E-4963200875A7} = {E9CBE152-6216-474C-983F-4C26A20516A7}
		{2D3B6EF9-DF0F-4B51-B13A-DA7468214CEA} = {E9CBE152-6216-474C-983F-4C26A20516A7}
		{5CA5FFC8-A01E-497A-9D2F-7A017867D5EB} = {E9CBE152-6216-474C-983F-4C26A20516A7}
		{C9441F27-7E96-4A02-830F-43A82D7D2608} = {511080CC-3597-4A95-B5A6-841733277347}
		{A0632546-BC9B-4CF4-93CC-1C1B131772E7} = {511080CC-3597-4A95-B5A6-841733277347}
		{4DB73F6B-B647-4ED0-B7A3-240F0A9ED9D1} = {511080CC-3597-4A95-B5A6-841733277347}
		{1D813792-B004-4F25-8902-EEEB9CE9D5F4} = {511080CC-3597-4A95-B5A6-841733277347}
		{08E96902-E4D6-4DED-B14D-26854F330BCD} = {511080CC-3597-4A95-B5A6-841733277347}
		{7622D301-9CDE-46EF-A828-6346F1407477} = {A9561CC0-7001-4D3F-9D3E-1047D062674F}
		{4BB45DEB-F427-4922-9AF2-AD7BA36600D7} = {A9561CC0-7001-4D3F-9D3E-1047D062674F}
		{B0129881-6D2C-46C1-8E4F-AB8DABFA51FE} = {604CA0D9-05C8-45B0-86DC-F8F64AA05D4D}
		{F895D295-45CC-4912-9475-9CBEE75DDDE7} = {604CA0D9-05C8-45B0-86DC-F8F64AA05D4D}
	EndGlobalSection
	GlobalSection(ExtensibilityGlobals) = postSolution
		SolutionGuid = {42FA65EB-D7F1-43FB-8A21-3B54A4D9BE8D}
	EndGlobalSection
EndGlobal
