
Microsoft Visual Studio Solution File, Format Version 12.00
# Visual Studio Version 16
VisualStudioVersion = 16.0.30621.155
MinimumVisualStudioVersion = 10.0.40219.1
Project("{FAE04EC0-301F-11D3-BF4B-00C04F79EFBC}") = "ConsoleApplication", "ConsoleApplication.csproj", "{A71CBD55-2190-4B66-8743-8BE862155566}"
EndProject
Project("{FAE04EC0-301F-11D3-BF4B-00C04F79EFBC}") = "WpfApplication", "..\WpfApplication\WpfApplication.csproj", "{C2BF641A-6E47-4A69-86FA-82DA9516E1A1}"
EndProject
Global
	GlobalSection(SolutionConfigurationPlatforms) = preSolution
		Debug|Any CPU = Debug|Any CPU
		Release|Any CPU = Release|Any CPU
	EndGlobalSection
	GlobalSection(ProjectConfigurationPlatforms) = postSolution
		{A71CBD55-2190-4B66-8743-8BE862155566}.Debug|Any CPU.ActiveCfg = Debug|Any CPU
		{A71CBD55-2190-4B66-8743-8BE862155566}.Debug|Any CPU.Build.0 = Debug|Any CPU
		{A71CBD55-2190-4B66-8743-8BE862155566}.Release|Any CPU.ActiveCfg = Release|Any CPU
		{A71CBD55-2190-4B66-8743-8BE862155566}.Release|Any CPU.Build.0 = Release|Any CPU
		{C2BF641A-6E47-4A69-86FA-82DA9516E1A1}.Debug|Any CPU.ActiveCfg = Debug|Any CPU
		{C2BF641A-6E47-4A69-86FA-82DA9516E1A1}.Debug|Any CPU.Build.0 = Debug|Any CPU
		{C2BF641A-6E47-4A69-86FA-82DA9516E1A1}.Release|Any CPU.ActiveCfg = Release|Any CPU
		{C2BF641A-6E47-4A69-86FA-82DA9516E1A1}.Release|Any CPU.Build.0 = Release|Any CPU
	EndGlobalSection
	GlobalSection(SolutionProperties) = preSolution
		HideSolutionNode = FALSE
	EndGlobalSection
	GlobalSection(ExtensibilityGlobals) = postSolution
		SolutionGuid = {42FA65EB-D7F1-43FB-8A21-3B54A4D9BE8D}
	EndGlobalSection
EndGlobal
